Microsoft Visual Studio Solution File, Format Version 11.00
# Visual Studio 2008

Project("{E643CBBD-6C13-3B88-4674-8FCB7E2DE05A}") = "OtroBomber2d", "Assembly-CSharp.csproj", "{EC10EB68-448C-24EA-05D1-C5501A08CA7C}"
EndProject
Global
	GlobalSection(SolutionConfigurationPlatforms) = preSolution
		Debug|Any CPU = Debug|Any CPU
		Release|Any CPU = Release|Any CPU
	EndGlobalSection
	GlobalSection(ProjectConfigurationPlatforms) = postSolution
		{EC10EB68-448C-24EA-05D1-C5501A08CA7C}.Debug|Any CPU.ActiveCfg = Debug|Any CPU
		{EC10EB68-448C-24EA-05D1-C5501A08CA7C}.Debug|Any CPU.Build.0 = Debug|Any CPU
		{EC10EB68-448C-24EA-05D1-C5501A08CA7C}.Release|Any CPU.ActiveCfg = Release|Any CPU
		{EC10EB68-448C-24EA-05D1-C5501A08CA7C}.Release|Any CPU.Build.0 = Release|Any CPU
	EndGlobalSection
	GlobalSection(SolutionProperties) = preSolution
		HideSolutionNode = FALSE
	EndGlobalSection
	GlobalSection(MonoDevelopProperties) = preSolution
		StartupItem = Assembly-CSharp.csproj
	EndGlobalSection
EndGlobal
